// !$*UTF8*$!
{
	archiveVersion = 1;
	classes = {
	};
	objectVersion = 46;
	objects = {

/* Begin PBXBuildFile section */
		2010FCE31797138B0092C107 /* UIKit.framework in Frameworks */ = {isa = PBXBuildFile; fileRef = 2010FCE21797138B0092C107 /* UIKit.framework */; };
		2010FCE51797138B0092C107 /* Foundation.framework in Frameworks */ = {isa = PBXBuildFile; fileRef = 2010FCE41797138B0092C107 /* Foundation.framework */; };
		2010FCE71797138B0092C107 /* CoreGraphics.framework in Frameworks */ = {isa = PBXBuildFile; fileRef = 2010FCE61797138B0092C107 /* CoreGraphics.framework */; };
		2010FCED1797138B0092C107 /* InfoPlist.strings in Resources */ = {isa = PBXBuildFile; fileRef = 2010FCEB1797138B0092C107 /* InfoPlist.strings */; };
		2010FCEF1797138B0092C107 /* main.m in Sources */ = {isa = PBXBuildFile; fileRef = 2010FCEE1797138B0092C107 /* main.m */; };
		2010FCF31797138B0092C107 /* AppDelegate.m in Sources */ = {isa = PBXBuildFile; fileRef = 2010FCF21797138B0092C107 /* AppDelegate.m */; };
		2010FCF51797138B0092C107 /* Default.png in Resources */ = {isa = PBXBuildFile; fileRef = 2010FCF41797138B0092C107 /* Default.png */; };
		2010FCF71797138B0092C107 /* Default@2x.png in Resources */ = {isa = PBXBuildFile; fileRef = 2010FCF61797138B0092C107 /* Default@2x.png */; };
		2010FCF91797138B0092C107 /* Default-568h@2x.png in Resources */ = {isa = PBXBuildFile; fileRef = 2010FCF81797138B0092C107 /* Default-568h@2x.png */; };
		2010FCFF1797138B0092C107 /* RootViewController.xib in Resources */ = {isa = PBXBuildFile; fileRef = 2010FCFD1797138B0092C107 /* RootViewController.xib */; };
		2010FD091797156B0092C107 /* MasterViewController.m in Sources */ = {isa = PBXBuildFile; fileRef = 2010FD061797141A0092C107 /* MasterViewController.m */; };
		2010FD0A1797156B0092C107 /* RootViewController.m in Sources */ = {isa = PBXBuildFile; fileRef = 2010FD081797141A0092C107 /* RootViewController.m */; };
		2010FD0D179715D10092C107 /* UIMasterViewCell.m in Sources */ = {isa = PBXBuildFile; fileRef = 2010FD0C1797159D0092C107 /* UIMasterViewCell.m */; };
		2010FD0F179746BE0092C107 /* tap@2x.png in Resources */ = {isa = PBXBuildFile; fileRef = 2010FD0E179746BE0092C107 /* tap@2x.png */; };
/* End PBXBuildFile section */

/* Begin PBXFileReference section */
		2010FCDF1797138B0092C107 /* NativeBook.app */ = {isa = PBXFileReference; explicitFileType = wrapper.application; includeInIndex = 0; path = NativeBook.app; sourceTree = BUILT_PRODUCTS_DIR; };
		2010FCE21797138B0092C107 /* UIKit.framework */ = {isa = PBXFileReference; lastKnownFileType = wrapper.framework; name = UIKit.framework; path = System/Library/Frameworks/UIKit.framework; sourceTree = SDKROOT; };
		2010FCE41797138B0092C107 /* Foundation.framework */ = {isa = PBXFileReference; lastKnownFileType = wrapper.framework; name = Foundation.framework; path = System/Library/Frameworks/Foundation.framework; sourceTree = SDKROOT; };
		2010FCE61797138B0092C107 /* CoreGraphics.framework */ = {isa = PBXFileReference; lastKnownFileType = wrapper.framework; name = CoreGraphics.framework; path = System/Library/Frameworks/CoreGraphics.framework; sourceTree = SDKROOT; };
		2010FCEA1797138B0092C107 /* NativeBook-Info.plist */ = {isa = PBXFileReference; lastKnownFileType = text.plist.xml; path = "NativeBook-Info.plist"; sourceTree = "<group>"; };
		2010FCEC1797138B0092C107 /* en */ = {isa = PBXFileReference; lastKnownFileType = text.plist.strings; name = en; path = en.lproj/InfoPlist.strings; sourceTree = "<group>"; };
		2010FCEE1797138B0092C107 /* main.m */ = {isa = PBXFileReference; lastKnownFileType = sourcecode.c.objc; path = main.m; sourceTree = "<group>"; };
		2010FCF01797138B0092C107 /* NativeBook-Prefix.pch */ = {isa = PBXFileReference; lastKnownFileType = sourcecode.c.h; path = "NativeBook-Prefix.pch"; sourceTree = "<group>"; };
		2010FCF11797138B0092C107 /* AppDelegate.h */ = {isa = PBXFileReference; lastKnownFileType = sourcecode.c.h; path = AppDelegate.h; sourceTree = "<group>"; };
		2010FCF21797138B0092C107 /* AppDelegate.m */ = {isa = PBXFileReference; lastKnownFileType = sourcecode.c.objc; path = AppDelegate.m; sourceTree = "<group>"; };
		2010FCF41797138B0092C107 /* Default.png */ = {isa = PBXFileReference; lastKnownFileType = image.png; path = Default.png; sourceTree = "<group>"; };
		2010FCF61797138B0092C107 /* Default@2x.png */ = {isa = PBXFileReference; lastKnownFileType = image.png; path = "Default@2x.png"; sourceTree = "<group>"; };
		2010FCF81797138B0092C107 /* Default-568h@2x.png */ = {isa = PBXFileReference; lastKnownFileType = image.png; path = "Default-568h@2x.png"; sourceTree = "<group>"; };
		2010FCFE1797138B0092C107 /* en */ = {isa = PBXFileReference; lastKnownFileType = file.xib; name = en; path = en.lproj/RootViewController.xib; sourceTree = "<group>"; };
		2010FD051797141A0092C107 /* MasterViewController.h */ = {isa = PBXFileReference; lastKnownFileType = sourcecode.c.h; path = MasterViewController.h; sourceTree = "<group>"; };
		2010FD061797141A0092C107 /* MasterViewController.m */ = {isa = PBXFileReference; lastKnownFileType = sourcecode.c.objc; path = MasterViewController.m; sourceTree = "<group>"; };
		2010FD071797141A0092C107 /* RootViewController.h */ = {isa = PBXFileReference; lastKnownFileType = sourcecode.c.h; path = RootViewController.h; sourceTree = "<group>"; };
		2010FD081797141A0092C107 /* RootViewController.m */ = {isa = PBXFileReference; lastKnownFileType = sourcecode.c.objc; path = RootViewController.m; sourceTree = "<group>"; };
		2010FD0B1797159D0092C107 /* UIMasterViewCell.h */ = {isa = PBXFileReference; lastKnownFileType = sourcecode.c.h; path = UIMasterViewCell.h; sourceTree = "<group>"; };
		2010FD0C1797159D0092C107 /* UIMasterViewCell.m */ = {isa = PBXFileReference; lastKnownFileType = sourcecode.c.objc; path = UIMasterViewCell.m; sourceTree = "<group>"; };
		2010FD0E179746BE0092C107 /* tap@2x.png */ = {isa = PBXFileReference; lastKnownFileType = image.png; path = "tap@2x.png"; sourceTree = "<group>"; };
		2010FD1017974EEF0092C107 /* Globals.h */ = {isa = PBXFileReference; lastKnownFileType = sourcecode.c.h; path = Globals.h; sourceTree = "<group>"; };
/* End PBXFileReference section */

/* Begin PBXFrameworksBuildPhase section */
		2010FCDC1797138B0092C107 /* Frameworks */ = {
			isa = PBXFrameworksBuildPhase;
			buildActionMask = 2147483647;
			files = (
				2010FCE31797138B0092C107 /* UIKit.framework in Frameworks */,
				2010FCE51797138B0092C107 /* Foundation.framework in Frameworks */,
				2010FCE71797138B0092C107 /* CoreGraphics.framework in Frameworks */,
			);
			runOnlyForDeploymentPostprocessing = 0;
		};
/* End PBXFrameworksBuildPhase section */

/* Begin PBXGroup section */
		2010FCD61797138B0092C107 = {
			isa = PBXGroup;
			children = (
				2010FCE81797138B0092C107 /* NativeBook */,
				2010FCE11797138B0092C107 /* Frameworks */,
				2010FCE01797138B0092C107 /* Products */,
			);
			sourceTree = "<group>";
		};
		2010FCE01797138B0092C107 /* Products */ = {
			isa = PBXGroup;
			children = (
				2010FCDF1797138B0092C107 /* NativeBook.app */,
			);
			name = Products;
			sourceTree = "<group>";
		};
		2010FCE11797138B0092C107 /* Frameworks */ = {
			isa = PBXGroup;
			children = (
				2010FCE21797138B0092C107 /* UIKit.framework */,
				2010FCE41797138B0092C107 /* Foundation.framework */,
				2010FCE61797138B0092C107 /* CoreGraphics.framework */,
			);
			name = Frameworks;
			sourceTree = "<group>";
		};
		2010FCE81797138B0092C107 /* NativeBook */ = {
			isa = PBXGroup;
			children = (
				2010FCF11797138B0092C107 /* AppDelegate.h */,
				2010FCF21797138B0092C107 /* AppDelegate.m */,
				2010FCFD1797138B0092C107 /* RootViewController.xib */,
				2010FD051797141A0092C107 /* MasterViewController.h */,
				2010FD061797141A0092C107 /* MasterViewController.m */,
				2010FD071797141A0092C107 /* RootViewController.h */,
				2010FD081797141A0092C107 /* RootViewController.m */,
				2010FD0B1797159D0092C107 /* UIMasterViewCell.h */,
				2010FD0C1797159D0092C107 /* UIMasterViewCell.m */,
				2010FD0E179746BE0092C107 /* tap@2x.png */,
				2010FCE91797138B0092C107 /* Supporting Files */,
				2010FD1017974EEF0092C107 /* Globals.h */,
			);
			path = NativeBook;
			sourceTree = "<group>";
		};
		2010FCE91797138B0092C107 /* Supporting Files */ = {
			isa = PBXGroup;
			children = (
				2010FCEA1797138B0092C107 /* NativeBook-Info.plist */,
				2010FCEB1797138B0092C107 /* InfoPlist.strings */,
				2010FCEE1797138B0092C107 /* main.m */,
				2010FCF01797138B0092C107 /* NativeBook-Prefix.pch */,
				2010FCF41797138B0092C107 /* Default.png */,
				2010FCF61797138B0092C107 /* Default@2x.png */,
				2010FCF81797138B0092C107 /* Default-568h@2x.png */,
			);
			name = "Supporting Files";
			sourceTree = "<group>";
		};
/* End PBXGroup section */

/* Begin PBXNativeTarget section */
		2010FCDE1797138B0092C107 /* NativeBook */ = {
			isa = PBXNativeTarget;
			buildConfigurationList = 2010FD021797138B0092C107 /* Build configuration list for PBXNativeTarget "NativeBook" */;
			buildPhases = (
				2010FCDB1797138B0092C107 /* Sources */,
				2010FCDC1797138B0092C107 /* Frameworks */,
				2010FCDD1797138B0092C107 /* Resources */,
			);
			buildRules = (
			);
			dependencies = (
			);
			name = NativeBook;
			productName = NativeBook;
			productReference = 2010FCDF1797138B0092C107 /* NativeBook.app */;
			productType = "com.apple.product-type.application";
		};
/* End PBXNativeTarget section */

/* Begin PBXProject section */
		2010FCD71797138B0092C107 /* Project object */ = {
			isa = PBXProject;
			attributes = {
				LastUpgradeCheck = 0460;
				ORGANIZATIONNAME = "Jean-André Santoni";
			};
			buildConfigurationList = 2010FCDA1797138B0092C107 /* Build configuration list for PBXProject "NativeBook" */;
			compatibilityVersion = "Xcode 3.2";
			developmentRegion = English;
			hasScannedForEncodings = 0;
			knownRegions = (
				en,
			);
			mainGroup = 2010FCD61797138B0092C107;
			productRefGroup = 2010FCE01797138B0092C107 /* Products */;
			projectDirPath = "";
			projectRoot = "";
			targets = (
				2010FCDE1797138B0092C107 /* NativeBook */,
			);
		};
/* End PBXProject section */

/* Begin PBXResourcesBuildPhase section */
		2010FCDD1797138B0092C107 /* Resources */ = {
			isa = PBXResourcesBuildPhase;
			buildActionMask = 2147483647;
			files = (
				2010FCED1797138B0092C107 /* InfoPlist.strings in Resources */,
				2010FCF51797138B0092C107 /* Default.png in Resources */,
				2010FCF71797138B0092C107 /* Default@2x.png in Resources */,
				2010FCF91797138B0092C107 /* Default-568h@2x.png in Resources */,
				2010FCFF1797138B0092C107 /* RootViewController.xib in Resources */,
				2010FD0F179746BE0092C107 /* tap@2x.png in Resources */,
			);
			runOnlyForDeploymentPostprocessing = 0;
		};
/* End PBXResourcesBuildPhase section */

/* Begin PBXSourcesBuildPhase section */
		2010FCDB1797138B0092C107 /* Sources */ = {
			isa = PBXSourcesBuildPhase;
			buildActionMask = 2147483647;
			files = (
				2010FD0D179715D10092C107 /* UIMasterViewCell.m in Sources */,
				2010FD091797156B0092C107 /* MasterViewController.m in Sources */,
				2010FD0A1797156B0092C107 /* RootViewController.m in Sources */,
				2010FCEF1797138B0092C107 /* main.m in Sources */,
				2010FCF31797138B0092C107 /* AppDelegate.m in Sources */,
			);
			runOnlyForDeploymentPostprocessing = 0;
		};
/* End PBXSourcesBuildPhase section */

/* Begin PBXVariantGroup section */
		2010FCEB1797138B0092C107 /* InfoPlist.strings */ = {
			isa = PBXVariantGroup;
			children = (
				2010FCEC1797138B0092C107 /* en */,
			);
			name = InfoPlist.strings;
			sourceTree = "<group>";
		};
		2010FCFD1797138B0092C107 /* RootViewController.xib */ = {
			isa = PBXVariantGroup;
			children = (
				2010FCFE1797138B0092C107 /* en */,
			);
			name = RootViewController.xib;
			sourceTree = "<group>";
		};
/* End PBXVariantGroup section */

/* Begin XCBuildConfiguration section */
		2010FD001797138B0092C107 /* Debug */ = {
			isa = XCBuildConfiguration;
			buildSettings = {
				ALWAYS_SEARCH_USER_PATHS = NO;
				CLANG_CXX_LANGUAGE_STANDARD = "gnu++0x";
				CLANG_CXX_LIBRARY = "libc++";
				CLANG_WARN_CONSTANT_CONVERSION = YES;
				CLANG_WARN_EMPTY_BODY = YES;
				CLANG_WARN_ENUM_CONVERSION = YES;
				CLANG_WARN_INT_CONVERSION = YES;
				CLANG_WARN__DUPLICATE_METHOD_MATCH = YES;
				"CODE_SIGN_IDENTITY[sdk=iphoneos*]" = "iPhone Developer";
				COPY_PHASE_STRIP = NO;
				GCC_C_LANGUAGE_STANDARD = gnu99;
				GCC_DYNAMIC_NO_PIC = NO;
				GCC_OPTIMIZATION_LEVEL = 0;
				GCC_PREPROCESSOR_DEFINITIONS = (
					"DEBUG=1",
					"$(inherited)",
				);
				GCC_SYMBOLS_PRIVATE_EXTERN = NO;
				GCC_WARN_ABOUT_RETURN_TYPE = YES;
				GCC_WARN_UNINITIALIZED_AUTOS = YES;
				GCC_WARN_UNUSED_VARIABLE = YES;
				IPHONEOS_DEPLOYMENT_TARGET = 6.1;
				ONLY_ACTIVE_ARCH = YES;
				SDKROOT = iphoneos;
				TARGETED_DEVICE_FAMILY = 2;
			};
			name = Debug;
		};
		2010FD011797138B0092C107 /* Release */ = {
			isa = XCBuildConfiguration;
			buildSettings = {
				ALWAYS_SEARCH_USER_PATHS = NO;
				CLANG_CXX_LANGUAGE_STANDARD = "gnu++0x";
				CLANG_CXX_LIBRARY = "libc++";
				CLANG_WARN_CONSTANT_CONVERSION = YES;
				CLANG_WARN_EMPTY_BODY = YES;
				CLANG_WARN_ENUM_CONVERSION = YES;
				CLANG_WARN_INT_CONVERSION = YES;
				CLANG_WARN__DUPLICATE_METHOD_MATCH = YES;
				"CODE_SIGN_IDENTITY[sdk=iphoneos*]" = "iPhone Developer";
				COPY_PHASE_STRIP = YES;
				GCC_C_LANGUAGE_STANDARD = gnu99;
				GCC_WARN_ABOUT_RETURN_TYPE = YES;
				GCC_WARN_UNINITIALIZED_AUTOS = YES;
				GCC_WARN_UNUSED_VARIABLE = YES;
				IPHONEOS_DEPLOYMENT_TARGET = 6.1;
				OTHER_CFLAGS = "-DNS_BLOCK_ASSERTIONS=1";
				SDKROOT = iphoneos;
				TARGETED_DEVICE_FAMILY = 2;
				VALIDATE_PRODUCT = YES;
			};
			name = Release;
		};
		2010FD031797138B0092C107 /* Debug */ = {
			isa = XCBuildConfiguration;
			buildSettings = {
				GCC_PRECOMPILE_PREFIX_HEADER = YES;
				GCC_PREFIX_HEADER = "NativeBook/NativeBook-Prefix.pch";
				INFOPLIST_FILE = "NativeBook/NativeBook-Info.plist";
				PRODUCT_NAME = "$(TARGET_NAME)";
				WRAPPER_EXTENSION = app;
			};
			name = Debug;
		};
		2010FD041797138B0092C107 /* Release */ = {
			isa = XCBuildConfiguration;
			buildSettings = {
				GCC_PRECOMPILE_PREFIX_HEADER = YES;
				GCC_PREFIX_HEADER = "NativeBook/NativeBook-Prefix.pch";
				INFOPLIST_FILE = "NativeBook/NativeBook-Info.plist";
				PRODUCT_NAME = "$(TARGET_NAME)";
				WRAPPER_EXTENSION = app;
			};
			name = Release;
		};
/* End XCBuildConfiguration section */

/* Begin XCConfigurationList section */
		2010FCDA1797138B0092C107 /* Build configuration list for PBXProject "NativeBook" */ = {
			isa = XCConfigurationList;
			buildConfigurations = (
				2010FD001797138B0092C107 /* Debug */,
				2010FD011797138B0092C107 /* Release */,
			);
			defaultConfigurationIsVisible = 0;
			defaultConfigurationName = Release;
		};
		2010FD021797138B0092C107 /* Build configuration list for PBXNativeTarget "NativeBook" */ = {
			isa = XCConfigurationList;
			buildConfigurations = (
				2010FD031797138B0092C107 /* Debug */,
				2010FD041797138B0092C107 /* Release */,
			);
			defaultConfigurationIsVisible = 0;
		};
/* End XCConfigurationList section */
	};
	rootObject = 2010FCD71797138B0092C107 /* Project object */;
}
