// !$*UTF8*$!
{
	archiveVersion = 1;
	classes = {
	};
	objectVersion = 46;
	objects = {

/* Begin PBXBuildFile section */
		2010FCE31797138B0092C107 /* UIKit.framework in Frameworks */ = {isa = PBXBuildFile; fileRef = 2010FCE21797138B0092C107 /* UIKit.framework */; };
		2010FCE51797138B0092C107 /* Foundation.framework in Frameworks */ = {isa = PBXBuildFile; fileRef = 2010FCE41797138B0092C107 /* Foundation.framework */; };
		2010FCE71797138B0092C107 /* CoreGraphics.framework in Frameworks */ = {isa = PBXBuildFile; fileRef = 2010FCE61797138B0092C107 /* CoreGraphics.framework */; };
		2010FCED1797138B0092C107 /* InfoPlist.strings in Resources */ = {isa = PBXBuildFile; fileRef = 2010FCEB1797138B0092C107 /* InfoPlist.strings */; };
		2010FCEF1797138B0092C107 /* main.m in Sources */ = {isa = PBXBuildFile; fileRef = 2010FCEE1797138B0092C107 /* main.m */; };
		2010FCF31797138B0092C107 /* AppDelegate.m in Sources */ = {isa = PBXBuildFile; fileRef = 2010FCF21797138B0092C107 /* AppDelegate.m */; };
		2010FCFF1797138B0092C107 /* RootViewController.xib in Resources */ = {isa = PBXBuildFile; fileRef = 2010FCFD1797138B0092C107 /* RootViewController.xib */; };
		2010FD091797156B0092C107 /* MasterViewController.m in Sources */ = {isa = PBXBuildFile; fileRef = 2010FD061797141A0092C107 /* MasterViewController.m */; };
		2010FD0A1797156B0092C107 /* RootViewController.m in Sources */ = {isa = PBXBuildFile; fileRef = 2010FD081797141A0092C107 /* RootViewController.m */; };
		2010FD0D179715D10092C107 /* UIMasterViewCell.m in Sources */ = {isa = PBXBuildFile; fileRef = 2010FD0C1797159D0092C107 /* UIMasterViewCell.m */; };
		2010FD0F179746BE0092C107 /* tap@2x.png in Resources */ = {isa = PBXBuildFile; fileRef = 2010FD0E179746BE0092C107 /* tap@2x.png */; };
		2010FD14179759B70092C107 /* active@2x.png in Resources */ = {isa = PBXBuildFile; fileRef = 2010FD13179759B70092C107 /* active@2x.png */; };
		2010FD1717975D120092C107 /* config.xml in Resources */ = {isa = PBXBuildFile; fileRef = 2010FD1617975D120092C107 /* config.xml */; };
		2010FD2117975E520092C107 /* AudioToolbox.framework in Frameworks */ = {isa = PBXBuildFile; fileRef = 2010FD2017975E520092C107 /* AudioToolbox.framework */; };
		2010FD2417975E5A0092C107 /* AddressBook.framework in Frameworks */ = {isa = PBXBuildFile; fileRef = 2010FD2217975E5A0092C107 /* AddressBook.framework */; };
		2010FD2517975E5A0092C107 /* AddressBookUI.framework in Frameworks */ = {isa = PBXBuildFile; fileRef = 2010FD2317975E5A0092C107 /* AddressBookUI.framework */; };
		2010FD2717975E640092C107 /* AVFoundation.framework in Frameworks */ = {isa = PBXBuildFile; fileRef = 2010FD2617975E630092C107 /* AVFoundation.framework */; };
		2010FD2917975E6C0092C107 /* CoreLocation.framework in Frameworks */ = {isa = PBXBuildFile; fileRef = 2010FD2817975E6C0092C107 /* CoreLocation.framework */; };
		2010FD2B17975E8E0092C107 /* MediaPlayer.framework in Frameworks */ = {isa = PBXBuildFile; fileRef = 2010FD2A17975E8E0092C107 /* MediaPlayer.framework */; };
		2010FD2D17975E940092C107 /* QuartzCore.framework in Frameworks */ = {isa = PBXBuildFile; fileRef = 2010FD2C17975E940092C107 /* QuartzCore.framework */; };
		2010FD2F17975E9D0092C107 /* SystemConfiguration.framework in Frameworks */ = {isa = PBXBuildFile; fileRef = 2010FD2E17975E9D0092C107 /* SystemConfiguration.framework */; };
		2010FD3117975EA60092C107 /* MobileCoreServices.framework in Frameworks */ = {isa = PBXBuildFile; fileRef = 2010FD3017975EA60092C107 /* MobileCoreServices.framework */; };
		2010FD3317975EB10092C107 /* CoreMedia.framework in Frameworks */ = {isa = PBXBuildFile; fileRef = 2010FD3217975EB10092C107 /* CoreMedia.framework */; };
		2010FD3517975ED90092C107 /* libCordova.a in Frameworks */ = {isa = PBXBuildFile; fileRef = 2010FD3417975ED90092C107 /* libCordova.a */; };
		2010FDC1179762230092C107 /* ImageIO.framework in Frameworks */ = {isa = PBXBuildFile; fileRef = 2010FDC0179762230092C107 /* ImageIO.framework */; };
		2010FDC3179762400092C107 /* AssetsLibrary.framework in Frameworks */ = {isa = PBXBuildFile; fileRef = 2010FDC2179762400092C107 /* AssetsLibrary.framework */; };
		2010FDC5179763A10092C107 /* www in Resources */ = {isa = PBXBuildFile; fileRef = 2010FDC4179763A10092C107 /* www */; };
		20166511179B3820002917F5 /* Vdnbrcupyyaykuzyblvvwuiwntx.ttf in Resources */ = {isa = PBXBuildFile; fileRef = 2016650F179B37F9002917F5 /* Vdnbrcupyyaykuzyblvvwuiwntx.ttf */; };
		2041A1D5179C16F300ED7610 /* burger@2x.png in Resources */ = {isa = PBXBuildFile; fileRef = 2041A1D4179C16F300ED7610 /* burger@2x.png */; };
		207A4CE5179B328800727C39 /* Yrlxpowcjmaxlpvlfuedtlaekim.ttf in Resources */ = {isa = PBXBuildFile; fileRef = 207A4CE1179B27BE00727C39 /* Yrlxpowcjmaxlpvlfuedtlaekim.ttf */; };
		207E959B17AAD38900F3CE06 /* AppAvailability.m in Sources */ = {isa = PBXBuildFile; fileRef = 207E959917AAD25500F3CE06 /* AppAvailability.m */; };
		20D2BCC917A937330024F4BF /* tap.png in Resources */ = {isa = PBXBuildFile; fileRef = 20D2BCC617A937330024F4BF /* tap.png */; };
		20D2BCCA17A937330024F4BF /* active.png in Resources */ = {isa = PBXBuildFile; fileRef = 20D2BCC717A937330024F4BF /* active.png */; };
		20D2BCCB17A937330024F4BF /* burger.png in Resources */ = {isa = PBXBuildFile; fileRef = 20D2BCC817A937330024F4BF /* burger.png */; };
		20E98CFA17A69D950085D7CA /* Default-568h@2x~iphone.png in Resources */ = {isa = PBXBuildFile; fileRef = 20E98CF317A69D950085D7CA /* Default-568h@2x~iphone.png */; };
		20E98CFB17A69D950085D7CA /* Default-Landscape@2x~ipad.png in Resources */ = {isa = PBXBuildFile; fileRef = 20E98CF417A69D950085D7CA /* Default-Landscape@2x~ipad.png */; };
		20E98CFC17A69D950085D7CA /* Default-Landscape~ipad.png in Resources */ = {isa = PBXBuildFile; fileRef = 20E98CF517A69D950085D7CA /* Default-Landscape~ipad.png */; };
		20E98CFD17A69D950085D7CA /* Default-Portrait@2x~ipad.png in Resources */ = {isa = PBXBuildFile; fileRef = 20E98CF617A69D950085D7CA /* Default-Portrait@2x~ipad.png */; };
		20E98CFE17A69D950085D7CA /* Default-Portrait~ipad.png in Resources */ = {isa = PBXBuildFile; fileRef = 20E98CF717A69D950085D7CA /* Default-Portrait~ipad.png */; };
		20E98CFF17A69D950085D7CA /* Default@2x~iphone.png in Resources */ = {isa = PBXBuildFile; fileRef = 20E98CF817A69D950085D7CA /* Default@2x~iphone.png */; };
		20E98D0017A69D950085D7CA /* Default~iphone.png in Resources */ = {isa = PBXBuildFile; fileRef = 20E98CF917A69D950085D7CA /* Default~iphone.png */; };
		20E98D0B17A6A16F0085D7CA /* icon-72.png in Resources */ = {isa = PBXBuildFile; fileRef = 20E98D0A17A6A16F0085D7CA /* icon-72.png */; };
		20E98D0D17A6A1810085D7CA /* icon-72@2x.png in Resources */ = {isa = PBXBuildFile; fileRef = 20E98D0C17A6A1810085D7CA /* icon-72@2x.png */; };
		20E98D1117A6A4440085D7CA /* PinterestPlugin.m in Sources */ = {isa = PBXBuildFile; fileRef = 20E98D1017A6A4440085D7CA /* PinterestPlugin.m */; };
		20E98D1617A6A4EE0085D7CA /* Pinterest.framework in Frameworks */ = {isa = PBXBuildFile; fileRef = 20E98D1317A6A4EE0085D7CA /* Pinterest.framework */; };
		20E98D1717A6A4EE0085D7CA /* PinterestSDKResources.bundle in Resources */ = {isa = PBXBuildFile; fileRef = 20E98D1517A6A4EE0085D7CA /* PinterestSDKResources.bundle */; };
/* End PBXBuildFile section */

/* Begin PBXContainerItemProxy section */
		205B84FA1798038500CC10E2 /* PBXContainerItemProxy */ = {
			isa = PBXContainerItemProxy;
			containerPortal = 205B84F61798038500CC10E2 /* CordovaLib.xcodeproj */;
			proxyType = 2;
			remoteGlobalIDString = 68A32D7114102E1C006B237C;
			remoteInfo = CordovaLib;
		};
/* End PBXContainerItemProxy section */

/* Begin PBXFileReference section */
		2010FCDF1797138B0092C107 /* NativeBook.app */ = {isa = PBXFileReference; explicitFileType = wrapper.application; includeInIndex = 0; path = NativeBook.app; sourceTree = BUILT_PRODUCTS_DIR; };
		2010FCE21797138B0092C107 /* UIKit.framework */ = {isa = PBXFileReference; lastKnownFileType = wrapper.framework; name = UIKit.framework; path = System/Library/Frameworks/UIKit.framework; sourceTree = SDKROOT; };
		2010FCE41797138B0092C107 /* Foundation.framework */ = {isa = PBXFileReference; lastKnownFileType = wrapper.framework; name = Foundation.framework; path = System/Library/Frameworks/Foundation.framework; sourceTree = SDKROOT; };
		2010FCE61797138B0092C107 /* CoreGraphics.framework */ = {isa = PBXFileReference; lastKnownFileType = wrapper.framework; name = CoreGraphics.framework; path = System/Library/Frameworks/CoreGraphics.framework; sourceTree = SDKROOT; };
		2010FCEA1797138B0092C107 /* NativeBook-Info.plist */ = {isa = PBXFileReference; lastKnownFileType = text.plist.xml; path = "NativeBook-Info.plist"; sourceTree = "<group>"; };
		2010FCEC1797138B0092C107 /* en */ = {isa = PBXFileReference; lastKnownFileType = text.plist.strings; name = en; path = en.lproj/InfoPlist.strings; sourceTree = "<group>"; };
		2010FCEE1797138B0092C107 /* main.m */ = {isa = PBXFileReference; lastKnownFileType = sourcecode.c.objc; path = main.m; sourceTree = "<group>"; };
		2010FCF01797138B0092C107 /* NativeBook-Prefix.pch */ = {isa = PBXFileReference; lastKnownFileType = sourcecode.c.h; path = "NativeBook-Prefix.pch"; sourceTree = "<group>"; };
		2010FCF11797138B0092C107 /* AppDelegate.h */ = {isa = PBXFileReference; lastKnownFileType = sourcecode.c.h; path = AppDelegate.h; sourceTree = "<group>"; };
		2010FCF21797138B0092C107 /* AppDelegate.m */ = {isa = PBXFileReference; lastKnownFileType = sourcecode.c.objc; path = AppDelegate.m; sourceTree = "<group>"; };
		2010FCFE1797138B0092C107 /* en */ = {isa = PBXFileReference; lastKnownFileType = file.xib; name = en; path = en.lproj/RootViewController.xib; sourceTree = "<group>"; };
		2010FD051797141A0092C107 /* MasterViewController.h */ = {isa = PBXFileReference; lastKnownFileType = sourcecode.c.h; path = MasterViewController.h; sourceTree = "<group>"; };
		2010FD061797141A0092C107 /* MasterViewController.m */ = {isa = PBXFileReference; lastKnownFileType = sourcecode.c.objc; path = MasterViewController.m; sourceTree = "<group>"; };
		2010FD071797141A0092C107 /* RootViewController.h */ = {isa = PBXFileReference; lastKnownFileType = sourcecode.c.h; path = RootViewController.h; sourceTree = "<group>"; };
		2010FD081797141A0092C107 /* RootViewController.m */ = {isa = PBXFileReference; lastKnownFileType = sourcecode.c.objc; path = RootViewController.m; sourceTree = "<group>"; };
		2010FD0B1797159D0092C107 /* UIMasterViewCell.h */ = {isa = PBXFileReference; lastKnownFileType = sourcecode.c.h; path = UIMasterViewCell.h; sourceTree = "<group>"; };
		2010FD0C1797159D0092C107 /* UIMasterViewCell.m */ = {isa = PBXFileReference; lastKnownFileType = sourcecode.c.objc; path = UIMasterViewCell.m; sourceTree = "<group>"; };
		2010FD0E179746BE0092C107 /* tap@2x.png */ = {isa = PBXFileReference; lastKnownFileType = image.png; path = "tap@2x.png"; sourceTree = "<group>"; };
		2010FD1017974EEF0092C107 /* Globals.h */ = {isa = PBXFileReference; lastKnownFileType = sourcecode.c.h; path = Globals.h; sourceTree = "<group>"; };
		2010FD13179759B70092C107 /* active@2x.png */ = {isa = PBXFileReference; lastKnownFileType = image.png; path = "active@2x.png"; sourceTree = "<group>"; };
		2010FD1617975D120092C107 /* config.xml */ = {isa = PBXFileReference; fileEncoding = 4; lastKnownFileType = text.xml; name = config.xml; path = NativeBook/config.xml; sourceTree = "<group>"; };
		2010FD2017975E520092C107 /* AudioToolbox.framework */ = {isa = PBXFileReference; lastKnownFileType = wrapper.framework; name = AudioToolbox.framework; path = System/Library/Frameworks/AudioToolbox.framework; sourceTree = SDKROOT; };
		2010FD2217975E5A0092C107 /* AddressBook.framework */ = {isa = PBXFileReference; lastKnownFileType = wrapper.framework; name = AddressBook.framework; path = System/Library/Frameworks/AddressBook.framework; sourceTree = SDKROOT; };
		2010FD2317975E5A0092C107 /* AddressBookUI.framework */ = {isa = PBXFileReference; lastKnownFileType = wrapper.framework; name = AddressBookUI.framework; path = System/Library/Frameworks/AddressBookUI.framework; sourceTree = SDKROOT; };
		2010FD2617975E630092C107 /* AVFoundation.framework */ = {isa = PBXFileReference; lastKnownFileType = wrapper.framework; name = AVFoundation.framework; path = System/Library/Frameworks/AVFoundation.framework; sourceTree = SDKROOT; };
		2010FD2817975E6C0092C107 /* CoreLocation.framework */ = {isa = PBXFileReference; lastKnownFileType = wrapper.framework; name = CoreLocation.framework; path = System/Library/Frameworks/CoreLocation.framework; sourceTree = SDKROOT; };
		2010FD2A17975E8E0092C107 /* MediaPlayer.framework */ = {isa = PBXFileReference; lastKnownFileType = wrapper.framework; name = MediaPlayer.framework; path = System/Library/Frameworks/MediaPlayer.framework; sourceTree = SDKROOT; };
		2010FD2C17975E940092C107 /* QuartzCore.framework */ = {isa = PBXFileReference; lastKnownFileType = wrapper.framework; name = QuartzCore.framework; path = System/Library/Frameworks/QuartzCore.framework; sourceTree = SDKROOT; };
		2010FD2E17975E9D0092C107 /* SystemConfiguration.framework */ = {isa = PBXFileReference; lastKnownFileType = wrapper.framework; name = SystemConfiguration.framework; path = System/Library/Frameworks/SystemConfiguration.framework; sourceTree = SDKROOT; };
		2010FD3017975EA60092C107 /* MobileCoreServices.framework */ = {isa = PBXFileReference; lastKnownFileType = wrapper.framework; name = MobileCoreServices.framework; path = System/Library/Frameworks/MobileCoreServices.framework; sourceTree = SDKROOT; };
		2010FD3217975EB10092C107 /* CoreMedia.framework */ = {isa = PBXFileReference; lastKnownFileType = wrapper.framework; name = CoreMedia.framework; path = System/Library/Frameworks/CoreMedia.framework; sourceTree = SDKROOT; };
		2010FD3417975ED90092C107 /* libCordova.a */ = {isa = PBXFileReference; lastKnownFileType = archive.ar; name = libCordova.a; path = "CordovaLib/build/Release-iphoneos/libCordova.a"; sourceTree = "<group>"; };
		2010FDC0179762230092C107 /* ImageIO.framework */ = {isa = PBXFileReference; lastKnownFileType = wrapper.framework; name = ImageIO.framework; path = System/Library/Frameworks/ImageIO.framework; sourceTree = SDKROOT; };
		2010FDC2179762400092C107 /* AssetsLibrary.framework */ = {isa = PBXFileReference; lastKnownFileType = wrapper.framework; name = AssetsLibrary.framework; path = System/Library/Frameworks/AssetsLibrary.framework; sourceTree = SDKROOT; };
		2010FDC4179763A10092C107 /* www */ = {isa = PBXFileReference; lastKnownFileType = folder; path = www; sourceTree = "<group>"; };
		2016650F179B37F9002917F5 /* Vdnbrcupyyaykuzyblvvwuiwntx.ttf */ = {isa = PBXFileReference; lastKnownFileType = file; path = Vdnbrcupyyaykuzyblvvwuiwntx.ttf; sourceTree = "<group>"; };
		2041A1D4179C16F300ED7610 /* burger@2x.png */ = {isa = PBXFileReference; lastKnownFileType = image.png; path = "burger@2x.png"; sourceTree = "<group>"; };
		205B84F61798038500CC10E2 /* CordovaLib.xcodeproj */ = {isa = PBXFileReference; lastKnownFileType = "wrapper.pb-project"; name = CordovaLib.xcodeproj; path = CordovaLib/CordovaLib.xcodeproj; sourceTree = "<group>"; };
		207A4CE1179B27BE00727C39 /* Yrlxpowcjmaxlpvlfuedtlaekim.ttf */ = {isa = PBXFileReference; lastKnownFileType = file; path = Yrlxpowcjmaxlpvlfuedtlaekim.ttf; sourceTree = "<group>"; };
		207E959817AAD25500F3CE06 /* AppAvailability.h */ = {isa = PBXFileReference; lastKnownFileType = sourcecode.c.h; path = AppAvailability.h; sourceTree = "<group>"; };
		207E959917AAD25500F3CE06 /* AppAvailability.m */ = {isa = PBXFileReference; lastKnownFileType = sourcecode.c.objc; path = AppAvailability.m; sourceTree = "<group>"; };
		20D2BCC617A937330024F4BF /* tap.png */ = {isa = PBXFileReference; lastKnownFileType = image.png; path = tap.png; sourceTree = "<group>"; };
		20D2BCC717A937330024F4BF /* active.png */ = {isa = PBXFileReference; lastKnownFileType = image.png; path = active.png; sourceTree = "<group>"; };
		20D2BCC817A937330024F4BF /* burger.png */ = {isa = PBXFileReference; lastKnownFileType = image.png; path = burger.png; sourceTree = "<group>"; };
		20E98CF317A69D950085D7CA /* Default-568h@2x~iphone.png */ = {isa = PBXFileReference; lastKnownFileType = image.png; path = "Default-568h@2x~iphone.png"; sourceTree = "<group>"; };
		20E98CF417A69D950085D7CA /* Default-Landscape@2x~ipad.png */ = {isa = PBXFileReference; lastKnownFileType = image.png; path = "Default-Landscape@2x~ipad.png"; sourceTree = "<group>"; };
		20E98CF517A69D950085D7CA /* Default-Landscape~ipad.png */ = {isa = PBXFileReference; lastKnownFileType = image.png; path = "Default-Landscape~ipad.png"; sourceTree = "<group>"; };
		20E98CF617A69D950085D7CA /* Default-Portrait@2x~ipad.png */ = {isa = PBXFileReference; lastKnownFileType = image.png; path = "Default-Portrait@2x~ipad.png"; sourceTree = "<group>"; };
		20E98CF717A69D950085D7CA /* Default-Portrait~ipad.png */ = {isa = PBXFileReference; lastKnownFileType = image.png; path = "Default-Portrait~ipad.png"; sourceTree = "<group>"; };
		20E98CF817A69D950085D7CA /* Default@2x~iphone.png */ = {isa = PBXFileReference; lastKnownFileType = image.png; path = "Default@2x~iphone.png"; sourceTree = "<group>"; };
		20E98CF917A69D950085D7CA /* Default~iphone.png */ = {isa = PBXFileReference; lastKnownFileType = image.png; path = "Default~iphone.png"; sourceTree = "<group>"; };
		20E98D0A17A6A16F0085D7CA /* icon-72.png */ = {isa = PBXFileReference; lastKnownFileType = image.png; name = "icon-72.png"; path = "../../icon-72.png"; sourceTree = "<group>"; };
		20E98D0C17A6A1810085D7CA /* icon-72@2x.png */ = {isa = PBXFileReference; lastKnownFileType = image.png; name = "icon-72@2x.png"; path = "../../icon-72@2x.png"; sourceTree = "<group>"; };
		20E98D0F17A6A4440085D7CA /* PinterestPlugin.h */ = {isa = PBXFileReference; fileEncoding = 4; lastKnownFileType = sourcecode.c.h; path = PinterestPlugin.h; sourceTree = "<group>"; };
		20E98D1017A6A4440085D7CA /* PinterestPlugin.m */ = {isa = PBXFileReference; fileEncoding = 4; lastKnownFileType = sourcecode.c.objc; path = PinterestPlugin.m; sourceTree = "<group>"; };
		20E98D1317A6A4EE0085D7CA /* Pinterest.framework */ = {isa = PBXFileReference; lastKnownFileType = wrapper.framework; path = Pinterest.framework; sourceTree = "<group>"; };
		20E98D1517A6A4EE0085D7CA /* PinterestSDKResources.bundle */ = {isa = PBXFileReference; lastKnownFileType = "wrapper.plug-in"; path = PinterestSDKResources.bundle; sourceTree = "<group>"; };
/* End PBXFileReference section */

/* Begin PBXFrameworksBuildPhase section */
		2010FCDC1797138B0092C107 /* Frameworks */ = {
			isa = PBXFrameworksBuildPhase;
			buildActionMask = 2147483647;
			files = (
				2010FD3517975ED90092C107 /* libCordova.a in Frameworks */,
				2010FDC3179762400092C107 /* AssetsLibrary.framework in Frameworks */,
				2010FDC1179762230092C107 /* ImageIO.framework in Frameworks */,
				2010FD3317975EB10092C107 /* CoreMedia.framework in Frameworks */,
				2010FD3117975EA60092C107 /* MobileCoreServices.framework in Frameworks */,
				2010FD2F17975E9D0092C107 /* SystemConfiguration.framework in Frameworks */,
				2010FD2D17975E940092C107 /* QuartzCore.framework in Frameworks */,
				2010FD2B17975E8E0092C107 /* MediaPlayer.framework in Frameworks */,
				2010FD2917975E6C0092C107 /* CoreLocation.framework in Frameworks */,
				2010FD2717975E640092C107 /* AVFoundation.framework in Frameworks */,
				2010FD2417975E5A0092C107 /* AddressBook.framework in Frameworks */,
				2010FD2517975E5A0092C107 /* AddressBookUI.framework in Frameworks */,
				2010FD2117975E520092C107 /* AudioToolbox.framework in Frameworks */,
				2010FCE31797138B0092C107 /* UIKit.framework in Frameworks */,
				2010FCE51797138B0092C107 /* Foundation.framework in Frameworks */,
				2010FCE71797138B0092C107 /* CoreGraphics.framework in Frameworks */,
				20E98D1617A6A4EE0085D7CA /* Pinterest.framework in Frameworks */,
			);
			runOnlyForDeploymentPostprocessing = 0;
		};
/* End PBXFrameworksBuildPhase section */

/* Begin PBXGroup section */
		2010FCD61797138B0092C107 = {
			isa = PBXGroup;
			children = (
				205B84F61798038500CC10E2 /* CordovaLib.xcodeproj */,
				2010FD1617975D120092C107 /* config.xml */,
				2010FDC4179763A10092C107 /* www */,
				20E98D1217A6A4EE0085D7CA /* Pinterest.embeddedframework */,
				20E98D0E17A6A4440085D7CA /* Plugins */,
				2010FD3417975ED90092C107 /* libCordova.a */,
				2010FDC2179762400092C107 /* AssetsLibrary.framework */,
				2010FDC0179762230092C107 /* ImageIO.framework */,
				2010FD3217975EB10092C107 /* CoreMedia.framework */,
				2010FD3017975EA60092C107 /* MobileCoreServices.framework */,
				2010FD2E17975E9D0092C107 /* SystemConfiguration.framework */,
				2010FD2C17975E940092C107 /* QuartzCore.framework */,
				2010FD2A17975E8E0092C107 /* MediaPlayer.framework */,
				2010FD2817975E6C0092C107 /* CoreLocation.framework */,
				2010FD2617975E630092C107 /* AVFoundation.framework */,
				2010FD2217975E5A0092C107 /* AddressBook.framework */,
				2010FD2317975E5A0092C107 /* AddressBookUI.framework */,
				2010FD2017975E520092C107 /* AudioToolbox.framework */,
				2010FCE81797138B0092C107 /* NativeBook */,
				2010FCE11797138B0092C107 /* Frameworks */,
				2010FCE01797138B0092C107 /* Products */,
			);
			sourceTree = "<group>";
		};
		2010FCE01797138B0092C107 /* Products */ = {
			isa = PBXGroup;
			children = (
				2010FCDF1797138B0092C107 /* NativeBook.app */,
			);
			name = Products;
			sourceTree = "<group>";
		};
		2010FCE11797138B0092C107 /* Frameworks */ = {
			isa = PBXGroup;
			children = (
				2010FCE21797138B0092C107 /* UIKit.framework */,
				2010FCE41797138B0092C107 /* Foundation.framework */,
				2010FCE61797138B0092C107 /* CoreGraphics.framework */,
			);
			name = Frameworks;
			sourceTree = "<group>";
		};
		2010FCE81797138B0092C107 /* NativeBook */ = {
			isa = PBXGroup;
			children = (
				20E98D0117A6A0EA0085D7CA /* icons */,
				20E98CF217A69D950085D7CA /* splash */,
				2010FD1017974EEF0092C107 /* Globals.h */,
				2010FCF11797138B0092C107 /* AppDelegate.h */,
				2010FCF21797138B0092C107 /* AppDelegate.m */,
				2010FD071797141A0092C107 /* RootViewController.h */,
				2010FD081797141A0092C107 /* RootViewController.m */,
				2010FCFD1797138B0092C107 /* RootViewController.xib */,
				2010FD051797141A0092C107 /* MasterViewController.h */,
				2010FD061797141A0092C107 /* MasterViewController.m */,
				2010FD0B1797159D0092C107 /* UIMasterViewCell.h */,
				2010FD0C1797159D0092C107 /* UIMasterViewCell.m */,
				20D2BCC617A937330024F4BF /* tap.png */,
				20D2BCC717A937330024F4BF /* active.png */,
				20D2BCC817A937330024F4BF /* burger.png */,
				2010FD0E179746BE0092C107 /* tap@2x.png */,
				2010FD13179759B70092C107 /* active@2x.png */,
				2041A1D4179C16F300ED7610 /* burger@2x.png */,
				2016650F179B37F9002917F5 /* Vdnbrcupyyaykuzyblvvwuiwntx.ttf */,
				207A4CE1179B27BE00727C39 /* Yrlxpowcjmaxlpvlfuedtlaekim.ttf */,
				2010FCE91797138B0092C107 /* Supporting Files */,
			);
			path = NativeBook;
			sourceTree = "<group>";
		};
		2010FCE91797138B0092C107 /* Supporting Files */ = {
			isa = PBXGroup;
			children = (
				2010FCEA1797138B0092C107 /* NativeBook-Info.plist */,
				2010FCEB1797138B0092C107 /* InfoPlist.strings */,
				2010FCEE1797138B0092C107 /* main.m */,
				2010FCF01797138B0092C107 /* NativeBook-Prefix.pch */,
			);
			name = "Supporting Files";
			sourceTree = "<group>";
		};
		205B84F71798038500CC10E2 /* Products */ = {
			isa = PBXGroup;
			children = (
				205B84FB1798038500CC10E2 /* libCordova.a */,
			);
			name = Products;
			sourceTree = "<group>";
		};
		20E98CF217A69D950085D7CA /* splash */ = {
			isa = PBXGroup;
			children = (
				20E98CF317A69D950085D7CA /* Default-568h@2x~iphone.png */,
				20E98CF417A69D950085D7CA /* Default-Landscape@2x~ipad.png */,
				20E98CF517A69D950085D7CA /* Default-Landscape~ipad.png */,
				20E98CF617A69D950085D7CA /* Default-Portrait@2x~ipad.png */,
				20E98CF717A69D950085D7CA /* Default-Portrait~ipad.png */,
				20E98CF817A69D950085D7CA /* Default@2x~iphone.png */,
				20E98CF917A69D950085D7CA /* Default~iphone.png */,
			);
			path = splash;
			sourceTree = "<group>";
		};
		20E98D0117A6A0EA0085D7CA /* icons */ = {
			isa = PBXGroup;
			children = (
				20E98D0C17A6A1810085D7CA /* icon-72@2x.png */,
				20E98D0A17A6A16F0085D7CA /* icon-72.png */,
			);
			path = icons;
			sourceTree = "<group>";
		};
		20E98D0E17A6A4440085D7CA /* Plugins */ = {
			isa = PBXGroup;
			children = (
				207E959817AAD25500F3CE06 /* AppAvailability.h */,
				207E959917AAD25500F3CE06 /* AppAvailability.m */,
				20E98D0F17A6A4440085D7CA /* PinterestPlugin.h */,
				20E98D1017A6A4440085D7CA /* PinterestPlugin.m */,
			);
			path = Plugins;
			sourceTree = "<group>";
		};
		20E98D1217A6A4EE0085D7CA /* Pinterest.embeddedframework */ = {
			isa = PBXGroup;
			children = (
				20E98D1317A6A4EE0085D7CA /* Pinterest.framework */,
				20E98D1417A6A4EE0085D7CA /* Resources */,
			);
			path = Pinterest.embeddedframework;
			sourceTree = "<group>";
		};
		20E98D1417A6A4EE0085D7CA /* Resources */ = {
			isa = PBXGroup;
			children = (
				20E98D1517A6A4EE0085D7CA /* PinterestSDKResources.bundle */,
			);
			path = Resources;
			sourceTree = "<group>";
		};
/* End PBXGroup section */

/* Begin PBXNativeTarget section */
		2010FCDE1797138B0092C107 /* NativeBook */ = {
			isa = PBXNativeTarget;
			buildConfigurationList = 2010FD021797138B0092C107 /* Build configuration list for PBXNativeTarget "NativeBook" */;
			buildPhases = (
				2010FCDB1797138B0092C107 /* Sources */,
				2010FCDC1797138B0092C107 /* Frameworks */,
				2010FCDD1797138B0092C107 /* Resources */,
			);
			buildRules = (
			);
			dependencies = (
			);
			name = NativeBook;
			productName = NativeBook;
			productReference = 2010FCDF1797138B0092C107 /* NativeBook.app */;
			productType = "com.apple.product-type.application";
		};
/* End PBXNativeTarget section */

/* Begin PBXProject section */
		2010FCD71797138B0092C107 /* Project object */ = {
			isa = PBXProject;
			attributes = {
				LastUpgradeCheck = 0460;
				ORGANIZATIONNAME = "Jean-André Santoni";
			};
			buildConfigurationList = 2010FCDA1797138B0092C107 /* Build configuration list for PBXProject "NativeBook" */;
			compatibilityVersion = "Xcode 3.2";
			developmentRegion = English;
			hasScannedForEncodings = 0;
			knownRegions = (
				en,
			);
			mainGroup = 2010FCD61797138B0092C107;
			productRefGroup = 2010FCE01797138B0092C107 /* Products */;
			projectDirPath = "";
			projectReferences = (
				{
					ProductGroup = 205B84F71798038500CC10E2 /* Products */;
					ProjectRef = 205B84F61798038500CC10E2 /* CordovaLib.xcodeproj */;
				},
			);
			projectRoot = "";
			targets = (
				2010FCDE1797138B0092C107 /* NativeBook */,
			);
		};
/* End PBXProject section */

/* Begin PBXReferenceProxy section */
		205B84FB1798038500CC10E2 /* libCordova.a */ = {
			isa = PBXReferenceProxy;
			fileType = archive.ar;
			path = libCordova.a;
			remoteRef = 205B84FA1798038500CC10E2 /* PBXContainerItemProxy */;
			sourceTree = BUILT_PRODUCTS_DIR;
		};
/* End PBXReferenceProxy section */

/* Begin PBXResourcesBuildPhase section */
		2010FCDD1797138B0092C107 /* Resources */ = {
			isa = PBXResourcesBuildPhase;
			buildActionMask = 2147483647;
			files = (
				20166511179B3820002917F5 /* Vdnbrcupyyaykuzyblvvwuiwntx.ttf in Resources */,
				207A4CE5179B328800727C39 /* Yrlxpowcjmaxlpvlfuedtlaekim.ttf in Resources */,
				2010FCED1797138B0092C107 /* InfoPlist.strings in Resources */,
				2010FCFF1797138B0092C107 /* RootViewController.xib in Resources */,
				2010FD0F179746BE0092C107 /* tap@2x.png in Resources */,
				2010FD14179759B70092C107 /* active@2x.png in Resources */,
				2010FD1717975D120092C107 /* config.xml in Resources */,
				2010FDC5179763A10092C107 /* www in Resources */,
				2041A1D5179C16F300ED7610 /* burger@2x.png in Resources */,
				20E98CFA17A69D950085D7CA /* Default-568h@2x~iphone.png in Resources */,
				20E98CFB17A69D950085D7CA /* Default-Landscape@2x~ipad.png in Resources */,
				20E98CFC17A69D950085D7CA /* Default-Landscape~ipad.png in Resources */,
				20E98CFD17A69D950085D7CA /* Default-Portrait@2x~ipad.png in Resources */,
				20E98CFE17A69D950085D7CA /* Default-Portrait~ipad.png in Resources */,
				20E98CFF17A69D950085D7CA /* Default@2x~iphone.png in Resources */,
				20E98D0017A69D950085D7CA /* Default~iphone.png in Resources */,
				20E98D0B17A6A16F0085D7CA /* icon-72.png in Resources */,
				20E98D0D17A6A1810085D7CA /* icon-72@2x.png in Resources */,
				20E98D1717A6A4EE0085D7CA /* PinterestSDKResources.bundle in Resources */,
				20D2BCC917A937330024F4BF /* tap.png in Resources */,
				20D2BCCA17A937330024F4BF /* active.png in Resources */,
				20D2BCCB17A937330024F4BF /* burger.png in Resources */,
			);
			runOnlyForDeploymentPostprocessing = 0;
		};
/* End PBXResourcesBuildPhase section */

/* Begin PBXSourcesBuildPhase section */
		2010FCDB1797138B0092C107 /* Sources */ = {
			isa = PBXSourcesBuildPhase;
			buildActionMask = 2147483647;
			files = (
				207E959B17AAD38900F3CE06 /* AppAvailability.m in Sources */,
				2010FD0D179715D10092C107 /* UIMasterViewCell.m in Sources */,
				2010FD091797156B0092C107 /* MasterViewController.m in Sources */,
				2010FD0A1797156B0092C107 /* RootViewController.m in Sources */,
				2010FCEF1797138B0092C107 /* main.m in Sources */,
				2010FCF31797138B0092C107 /* AppDelegate.m in Sources */,
				20E98D1117A6A4440085D7CA /* PinterestPlugin.m in Sources */,
			);
			runOnlyForDeploymentPostprocessing = 0;
		};
/* End PBXSourcesBuildPhase section */

/* Begin PBXVariantGroup section */
		2010FCEB1797138B0092C107 /* InfoPlist.strings */ = {
			isa = PBXVariantGroup;
			children = (
				2010FCEC1797138B0092C107 /* en */,
			);
			name = InfoPlist.strings;
			sourceTree = "<group>";
		};
		2010FCFD1797138B0092C107 /* RootViewController.xib */ = {
			isa = PBXVariantGroup;
			children = (
				2010FCFE1797138B0092C107 /* en */,
			);
			name = RootViewController.xib;
			sourceTree = "<group>";
		};
/* End PBXVariantGroup section */

/* Begin XCBuildConfiguration section */
		2010FD001797138B0092C107 /* Debug */ = {
			isa = XCBuildConfiguration;
			buildSettings = {
				ALWAYS_SEARCH_USER_PATHS = NO;
				CLANG_CXX_LANGUAGE_STANDARD = "gnu++0x";
				CLANG_CXX_LIBRARY = "libc++";
				CLANG_WARN_CONSTANT_CONVERSION = YES;
				CLANG_WARN_EMPTY_BODY = YES;
				CLANG_WARN_ENUM_CONVERSION = YES;
				CLANG_WARN_INT_CONVERSION = YES;
				CLANG_WARN__DUPLICATE_METHOD_MATCH = YES;
				"CODE_SIGN_IDENTITY[sdk=iphoneos*]" = "iPhone Developer";
				COPY_PHASE_STRIP = NO;
				GCC_C_LANGUAGE_STANDARD = gnu99;
				GCC_DYNAMIC_NO_PIC = NO;
				GCC_OPTIMIZATION_LEVEL = 0;
				GCC_PREPROCESSOR_DEFINITIONS = (
					"DEBUG=1",
					"$(inherited)",
				);
				GCC_SYMBOLS_PRIVATE_EXTERN = NO;
				GCC_WARN_ABOUT_RETURN_TYPE = YES;
				GCC_WARN_UNINITIALIZED_AUTOS = YES;
				GCC_WARN_UNUSED_VARIABLE = YES;
				IPHONEOS_DEPLOYMENT_TARGET = 6.1;
				ONLY_ACTIVE_ARCH = YES;
				SDKROOT = iphoneos;
				TARGETED_DEVICE_FAMILY = 2;
			};
			name = Debug;
		};
		2010FD011797138B0092C107 /* Release */ = {
			isa = XCBuildConfiguration;
			buildSettings = {
				ALWAYS_SEARCH_USER_PATHS = NO;
				CLANG_CXX_LANGUAGE_STANDARD = "gnu++0x";
				CLANG_CXX_LIBRARY = "libc++";
				CLANG_WARN_CONSTANT_CONVERSION = YES;
				CLANG_WARN_EMPTY_BODY = YES;
				CLANG_WARN_ENUM_CONVERSION = YES;
				CLANG_WARN_INT_CONVERSION = YES;
				CLANG_WARN__DUPLICATE_METHOD_MATCH = YES;
				"CODE_SIGN_IDENTITY[sdk=iphoneos*]" = "iPhone Developer";
				COPY_PHASE_STRIP = YES;
				GCC_C_LANGUAGE_STANDARD = gnu99;
				GCC_WARN_ABOUT_RETURN_TYPE = YES;
				GCC_WARN_UNINITIALIZED_AUTOS = YES;
				GCC_WARN_UNUSED_VARIABLE = YES;
				IPHONEOS_DEPLOYMENT_TARGET = 6.1;
				OTHER_CFLAGS = "-DNS_BLOCK_ASSERTIONS=1";
				SDKROOT = iphoneos;
				TARGETED_DEVICE_FAMILY = 2;
				VALIDATE_PRODUCT = YES;
			};
			name = Release;
		};
		2010FD031797138B0092C107 /* Debug */ = {
			isa = XCBuildConfiguration;
			buildSettings = {
				FRAMEWORK_SEARCH_PATHS = (
					"$(inherited)",
					"\"$(SRCROOT)/Pinterest.embeddedframework\"",
				);
				GCC_PRECOMPILE_PREFIX_HEADER = YES;
				GCC_PREFIX_HEADER = "NativeBook/NativeBook-Prefix.pch";
				HEADER_SEARCH_PATHS = (
					"“$(BUILT_PRODUCTS_DIR)”",
					"“$(OBJROOT)/UninstalledProducts/include”",
					"“$(TARGET_BUILD_DIR)/usr/local/lib/include”",
				);
				INFOPLIST_FILE = "NativeBook/NativeBook-Info.plist";
				IPHONEOS_DEPLOYMENT_TARGET = 6.1;
				OTHER_LDFLAGS = (
					"-Obj-C",
					"-all_load",
				);
				PRODUCT_NAME = "$(TARGET_NAME)";
				TARGETED_DEVICE_FAMILY = 2;
				WRAPPER_EXTENSION = app;
			};
			name = Debug;
		};
		2010FD041797138B0092C107 /* Release */ = {
			isa = XCBuildConfiguration;
			buildSettings = {
				FRAMEWORK_SEARCH_PATHS = (
					"$(inherited)",
					"\"$(SRCROOT)/Pinterest.embeddedframework\"",
				);
				GCC_PRECOMPILE_PREFIX_HEADER = YES;
				GCC_PREFIX_HEADER = "NativeBook/NativeBook-Prefix.pch";
				HEADER_SEARCH_PATHS = (
					"“$(BUILT_PRODUCTS_DIR)”",
					"“$(OBJROOT)/UninstalledProducts/include”",
					"“$(TARGET_BUILD_DIR)/usr/local/lib/include”",
				);
				INFOPLIST_FILE = "NativeBook/NativeBook-Info.plist";
				IPHONEOS_DEPLOYMENT_TARGET = 6.1;
				OTHER_LDFLAGS = (
					"-Obj-C",
					"-all_load",
				);
				PRODUCT_NAME = "$(TARGET_NAME)";
				TARGETED_DEVICE_FAMILY = 2;
				WRAPPER_EXTENSION = app;
			};
			name = Release;
		};
/* End XCBuildConfiguration section */

/* Begin XCConfigurationList section */
		2010FCDA1797138B0092C107 /* Build configuration list for PBXProject "NativeBook" */ = {
			isa = XCConfigurationList;
			buildConfigurations = (
				2010FD001797138B0092C107 /* Debug */,
				2010FD011797138B0092C107 /* Release */,
			);
			defaultConfigurationIsVisible = 0;
			defaultConfigurationName = Release;
		};
		2010FD021797138B0092C107 /* Build configuration list for PBXNativeTarget "NativeBook" */ = {
			isa = XCConfigurationList;
			buildConfigurations = (
				2010FD031797138B0092C107 /* Debug */,
				2010FD041797138B0092C107 /* Release */,
			);
			defaultConfigurationIsVisible = 0;
			defaultConfigurationName = Release;
		};
/* End XCConfigurationList section */
	};
	rootObject = 2010FCD71797138B0092C107 /* Project object */;
}
